
Microsoft Visual Studio Solution File, Format Version 12.00
# Visual Studio 15
VisualStudioVersion = 15.0.28307.645
MinimumVisualStudioVersion = 10.0.40219.1
Project("{8BC9CEB8-8B4A-11D0-8D11-00A0C91BC942}") = "Stack", "Stack\Stack.vcxproj", "{95D6D957-4365-49F1-A8EC-445386E844B6}"
EndProject
Global
	GlobalSection(SolutionConfigurationPlatforms) = preSolution
		Debug|x64 = Debug|x64
		Debug|x86 = Debug|x86
		Release|x64 = Release|x64
		Release|x86 = Release|x86
	EndGlobalSection
	GlobalSection(ProjectConfigurationPlatforms) = postSolution
		{95D6D957-4365-49F1-A8EC-445386E844B6}.Debug|x64.ActiveCfg = Debug|x64
		{95D6D957-4365-49F1-A8EC-445386E844B6}.Debug|x64.Build.0 = Debug|x64
		{95D6D957-4365-49F1-A8EC-445386E844B6}.Debug|x86.ActiveCfg = Debug|Win32
		{95D6D957-4365-49F1-A8EC-445386E844B6}.Debug|x86.Build.0 = Debug|Win32
		{95D6D957-4365-49F1-A8EC-445386E844B6}.Release|x64.ActiveCfg = Release|x64
		{95D6D957-4365-49F1-A8EC-445386E844B6}.Release|x64.Build.0 = Release|x64
		{95D6D957-4365-49F1-A8EC-445386E844B6}.Release|x86.ActiveCfg = Release|Win32
		{95D6D957-4365-49F1-A8EC-445386E844B6}.Release|x86.Build.0 = Release|Win32
	EndGlobalSection
	GlobalSection(SolutionProperties) = preSolution
		HideSolutionNode = FALSE
	EndGlobalSection
	GlobalSection(ExtensibilityGlobals) = postSolution
		SolutionGuid = {8662DB56-2077-4EFD-B8C6-9D858B07BBE3}
	EndGlobalSection
EndGlobal
